
Microsoft Visual Studio Solution File, Format Version 12.00
# Visual Studio Version 17
VisualStudioVersion = 17.5.002.0
MinimumVisualStudioVersion = 10.0.40219.1
Project("{9A19103F-16F7-4668-BE54-9A1E7A4F7556}") = "TenyokjBot", "TenyokjBot.csproj", "{8B15617C-51A1-4396-8237-A810D2234796}"
EndProject
Global
	GlobalSection(SolutionConfigurationPlatforms) = preSolution
		Debug|Any CPU = Debug|Any CPU
		Release|Any CPU = Release|Any CPU
	EndGlobalSection
	GlobalSection(ProjectConfigurationPlatforms) = postSolution
		{8B15617C-51A1-4396-8237-A810D2234796}.Debug|Any CPU.ActiveCfg = Debug|Any CPU
		{8B15617C-51A1-4396-8237-A810D2234796}.Debug|Any CPU.Build.0 = Debug|Any CPU
		{8B15617C-51A1-4396-8237-A810D2234796}.Release|Any CPU.ActiveCfg = Release|Any CPU
		{8B15617C-51A1-4396-8237-A810D2234796}.Release|Any CPU.Build.0 = Release|Any CPU
	EndGlobalSection
	GlobalSection(SolutionProperties) = preSolution
		HideSolutionNode = FALSE
	EndGlobalSection
	GlobalSection(ExtensibilityGlobals) = postSolution
		SolutionGuid = {0CDDFC97-9D9B-4B2C-96C9-0B8DC744C950}
	EndGlobalSection
EndGlobal
